// !$*UTF8*$!
{
	archiveVersion = 1;
	classes = {};
	objectVersion = 56;
	objects = {

/* Begin PBXBuildFile section */
		A10000000000000000000001 /* OpenChronicleApp.swift in Sources */ = {isa = PBXBuildFile; fileRef = A20000000000000000000001 /* OpenChronicleApp.swift */; };
		A10000000000000000000002 /* AppModel.swift in Sources */ = {isa = PBXBuildFile; fileRef = A20000000000000000000002 /* AppModel.swift */; };
		A10000000000000000000003 /* NavigationModel.swift in Sources */ = {isa = PBXBuildFile; fileRef = A20000000000000000000003 /* NavigationModel.swift */; };
		A10000000000000000000004 /* ChronicleCore.swift in Sources */ = {isa = PBXBuildFile; fileRef = A20000000000000000000004 /* ChronicleCore.swift */; };
		A10000000000000000000005 /* ChronicleFFI.swift in Sources */ = {isa = PBXBuildFile; fileRef = A20000000000000000000005 /* ChronicleFFI.swift */; };
		A10000000000000000000006 /* ChronicleTypes.swift in Sources */ = {isa = PBXBuildFile; fileRef = A20000000000000000000006 /* ChronicleTypes.swift */; };
		A10000000000000000000007 /* PrivacyInfo.xcprivacy in Resources */ = {isa = PBXBuildFile; fileRef = A20000000000000000000009 /* PrivacyInfo.xcprivacy */; };
		A10000000000000000000008 /* BridgeTests.swift in Sources */ = {isa = PBXBuildFile; fileRef = A2000000000000000000000B /* BridgeTests.swift */; };
		A10000000000000000000009 /* FixtureParityTests.swift in Sources */ = {isa = PBXBuildFile; fileRef = A2000000000000000000000C /* FixtureParityTests.swift */; };
		A1000000000000000000000A /* shared-response-v1.json in Resources */ = {isa = PBXBuildFile; fileRef = A2000000000000000000000D /* shared-response-v1.json */; };
		A1000000000000000000000B /* PrivacyPreflightTests.swift in Sources */ = {isa = PBXBuildFile; fileRef = A20000000000000000000010 /* PrivacyPreflightTests.swift */; };
		A1000000000000000000000C /* ActiveWindowProvider.swift in Sources */ = {isa = PBXBuildFile; fileRef = A20000000000000000000011 /* ActiveWindowProvider.swift */; };
		A1000000000000000000000D /* PrivacyPreflight.swift in Sources */ = {isa = PBXBuildFile; fileRef = A20000000000000000000012 /* PrivacyPreflight.swift */; };
		A1000000000000000000000E /* ScreenCaptureService.swift in Sources */ = {isa = PBXBuildFile; fileRef = A20000000000000000000013 /* ScreenCaptureService.swift */; };
		A1000000000000000000000F /* VisionOCRService.swift in Sources */ = {isa = PBXBuildFile; fileRef = A20000000000000000000014 /* VisionOCRService.swift */; };
		A10000000000000000000010 /* ContentDeduplicator.swift in Sources */ = {isa = PBXBuildFile; fileRef = A20000000000000000000015 /* ContentDeduplicator.swift */; };
		A10000000000000000000011 /* IdleStateSource.swift in Sources */ = {isa = PBXBuildFile; fileRef = A20000000000000000000016 /* IdleStateSource.swift */; };
		A10000000000000000000012 /* CoreCaptureIngestor.swift in Sources */ = {isa = PBXBuildFile; fileRef = A20000000000000000000017 /* CoreCaptureIngestor.swift */; };
		A10000000000000000000013 /* CaptureTestSupport.swift in Sources */ = {isa = PBXBuildFile; fileRef = A20000000000000000000018 /* CaptureTestSupport.swift */; };
		A10000000000000000000014 /* ActiveWindowProviderTests.swift in Sources */ = {isa = PBXBuildFile; fileRef = A20000000000000000000019 /* ActiveWindowProviderTests.swift */; };
		A10000000000000000000015 /* CaptureRaceTests.swift in Sources */ = {isa = PBXBuildFile; fileRef = A2000000000000000000001A /* CaptureRaceTests.swift */; };
		A10000000000000000000016 /* DedupTests.swift in Sources */ = {isa = PBXBuildFile; fileRef = A2000000000000000000001B /* DedupTests.swift */; };
		A10000000000000000000017 /* OCRTests.swift in Sources */ = {isa = PBXBuildFile; fileRef = A2000000000000000000001C /* OCRTests.swift */; };
		A10000000000000000000018 /* IdleStateSourceTests.swift in Sources */ = {isa = PBXBuildFile; fileRef = A2000000000000000000001D /* IdleStateSourceTests.swift */; };
		A10000000000000000000019 /* CaptureIngestorTests.swift in Sources */ = {isa = PBXBuildFile; fileRef = A2000000000000000000001E /* CaptureIngestorTests.swift */; };
		A1000000000000000000001A /* CaptureCoordinator.swift in Sources */ = {isa = PBXBuildFile; fileRef = A2000000000000000000001F /* CaptureCoordinator.swift */; };
		A1000000000000000000001B /* CoordinatorTests.swift in Sources */ = {isa = PBXBuildFile; fileRef = A20000000000000000000020 /* CoordinatorTests.swift */; };
		A1000000000000000000001C /* AppCaptureRuntime.swift in Sources */ = {isa = PBXBuildFile; fileRef = A20000000000000000000021 /* AppCaptureRuntime.swift */; };
		A1000000000000000000001D /* AppRuntimeFactory.swift in Sources */ = {isa = PBXBuildFile; fileRef = A20000000000000000000022 /* AppRuntimeFactory.swift */; };
		A1000000000000000000001E /* LifecycleMonitor.swift in Sources */ = {isa = PBXBuildFile; fileRef = A20000000000000000000023 /* LifecycleMonitor.swift */; };
		A1000000000000000000001F /* LaunchAtLoginService.swift in Sources */ = {isa = PBXBuildFile; fileRef = A20000000000000000000024 /* LaunchAtLoginService.swift */; };
		A10000000000000000000020 /* AppRuntimeTests.swift in Sources */ = {isa = PBXBuildFile; fileRef = A20000000000000000000025 /* AppRuntimeTests.swift */; };
		A10000000000000000000021 /* LaunchAtLoginTests.swift in Sources */ = {isa = PBXBuildFile; fileRef = A20000000000000000000026 /* LaunchAtLoginTests.swift */; };
		A10000000000000000000022 /* DiagnosticHealth.swift in Sources */ = {isa = PBXBuildFile; fileRef = A20000000000000000000027 /* DiagnosticHealth.swift */; };
		A10000000000000000000023 /* StorageMonitor.swift in Sources */ = {isa = PBXBuildFile; fileRef = A20000000000000000000028 /* StorageMonitor.swift */; };
		A10000000000000000000024 /* HealthViewModel.swift in Sources */ = {isa = PBXBuildFile; fileRef = A20000000000000000000029 /* HealthViewModel.swift */; };
		A10000000000000000000025 /* HealthView.swift in Sources */ = {isa = PBXBuildFile; fileRef = A2000000000000000000002A /* HealthView.swift */; };
		A10000000000000000000026 /* HealthTests.swift in Sources */ = {isa = PBXBuildFile; fileRef = A2000000000000000000002B /* HealthTests.swift */; };
		A10000000000000000000027 /* NotificationService.swift in Sources */ = {isa = PBXBuildFile; fileRef = A2000000000000000000002C /* NotificationService.swift */; };
		A10000000000000000000028 /* NotificationTests.swift in Sources */ = {isa = PBXBuildFile; fileRef = A2000000000000000000002D /* NotificationTests.swift */; };
		A10000000000000000000029 /* ScreenRecordingPermissionService.swift in Sources */ = {isa = PBXBuildFile; fileRef = A2000000000000000000002E /* ScreenRecordingPermissionService.swift */; };
		A1000000000000000000002A /* OnboardingModel.swift in Sources */ = {isa = PBXBuildFile; fileRef = A2000000000000000000002F /* OnboardingModel.swift */; };
		A1000000000000000000002B /* CaptureProofService.swift in Sources */ = {isa = PBXBuildFile; fileRef = A20000000000000000000030 /* CaptureProofService.swift */; };
		A1000000000000000000002C /* WelcomeStep.swift in Sources */ = {isa = PBXBuildFile; fileRef = A20000000000000000000031 /* WelcomeStep.swift */; };
		A1000000000000000000002D /* ModeStep.swift in Sources */ = {isa = PBXBuildFile; fileRef = A20000000000000000000032 /* ModeStep.swift */; };
		A1000000000000000000002E /* PrivacyStep.swift in Sources */ = {isa = PBXBuildFile; fileRef = A20000000000000000000033 /* PrivacyStep.swift */; };
		A1000000000000000000002F /* PermissionStep.swift in Sources */ = {isa = PBXBuildFile; fileRef = A20000000000000000000034 /* PermissionStep.swift */; };
		A10000000000000000000030 /* OnboardingView.swift in Sources */ = {isa = PBXBuildFile; fileRef = A20000000000000000000035 /* OnboardingView.swift */; };
		A10000000000000000000031 /* OnboardingConfigurationService.swift in Sources */ = {isa = PBXBuildFile; fileRef = A20000000000000000000036 /* OnboardingConfigurationService.swift */; };
		A10000000000000000000032 /* OnboardingTests.swift in Sources */ = {isa = PBXBuildFile; fileRef = A20000000000000000000037 /* OnboardingTests.swift */; };
		A10000000000000000000033 /* AgentDetectionService.swift in Sources */ = {isa = PBXBuildFile; fileRef = A20000000000000000000038 /* AgentDetectionService.swift */; };
		A10000000000000000000034 /* InstallLocationService.swift in Sources */ = {isa = PBXBuildFile; fileRef = A20000000000000000000039 /* InstallLocationService.swift */; };
		A10000000000000000000035 /* AgentRegistrationTests.swift in Sources */ = {isa = PBXBuildFile; fileRef = A2000000000000000000003A /* AgentRegistrationTests.swift */; };
		A10000000000000000000036 /* AgentRegistrationService.swift in Sources */ = {isa = PBXBuildFile; fileRef = A2000000000000000000003B /* AgentRegistrationService.swift */; };
		A10000000000000000000037 /* DisclosureGrantService.swift in Sources */ = {isa = PBXBuildFile; fileRef = A2000000000000000000003C /* DisclosureGrantService.swift */; };
		A10000000000000000000038 /* AgentConnectionService.swift in Sources */ = {isa = PBXBuildFile; fileRef = A2000000000000000000003D /* AgentConnectionService.swift */; };
		A10000000000000000000039 /* chronicle-mcp in Embed MCP Helper */ = {isa = PBXBuildFile; fileRef = A2000000000000000000003E /* chronicle-mcp */; settings = {ATTRIBUTES = (CodeSignOnCopy, ); }; };
		A1000000000000000000003A /* AgentStep.swift in Sources */ = {isa = PBXBuildFile; fileRef = A2000000000000000000003F /* AgentStep.swift */; };
		A1000000000000000000003B /* FactualReport.swift in Sources */ = {isa = PBXBuildFile; fileRef = A20000000000000000000040 /* FactualReport.swift */; };
		A1000000000000000000003C /* HomeViewModel.swift in Sources */ = {isa = PBXBuildFile; fileRef = A20000000000000000000041 /* HomeViewModel.swift */; };
		A1000000000000000000003D /* HomeView.swift in Sources */ = {isa = PBXBuildFile; fileRef = A20000000000000000000042 /* HomeView.swift */; };
		A1000000000000000000003E /* HomeViewModelTests.swift in Sources */ = {isa = PBXBuildFile; fileRef = A20000000000000000000043 /* HomeViewModelTests.swift */; };
		A1000000000000000000003F /* ReportParityTests.swift in Sources */ = {isa = PBXBuildFile; fileRef = A20000000000000000000044 /* ReportParityTests.swift */; };
		A10000000000000000000040 /* ReportFlowTests.swift in Sources */ = {isa = PBXBuildFile; fileRef = A20000000000000000000045 /* ReportFlowTests.swift */; };
		A10000000000000000000041 /* EvidenceQuery.swift in Sources */ = {isa = PBXBuildFile; fileRef = A20000000000000000000046 /* EvidenceQuery.swift */; };
		A10000000000000000000042 /* TimelineViewModel.swift in Sources */ = {isa = PBXBuildFile; fileRef = A20000000000000000000047 /* TimelineViewModel.swift */; };
		A10000000000000000000043 /* TimelineView.swift in Sources */ = {isa = PBXBuildFile; fileRef = A20000000000000000000048 /* TimelineView.swift */; };
		A10000000000000000000044 /* TimelineBand.swift in Sources */ = {isa = PBXBuildFile; fileRef = A20000000000000000000049 /* TimelineBand.swift */; };
		A10000000000000000000045 /* SearchView.swift in Sources */ = {isa = PBXBuildFile; fileRef = A2000000000000000000004A /* SearchView.swift */; };
		A10000000000000000000046 /* ChunkDetailView.swift in Sources */ = {isa = PBXBuildFile; fileRef = A2000000000000000000004B /* ChunkDetailView.swift */; };
		A10000000000000000000047 /* EventDetailView.swift in Sources */ = {isa = PBXBuildFile; fileRef = A2000000000000000000004C /* EventDetailView.swift */; };
		A10000000000000000000048 /* EvidenceImageView.swift in Sources */ = {isa = PBXBuildFile; fileRef = A2000000000000000000004D /* EvidenceImageView.swift */; };
		A10000000000000000000049 /* AnalysisView.swift in Sources */ = {isa = PBXBuildFile; fileRef = A2000000000000000000004E /* AnalysisView.swift */; };
		A1000000000000000000004A /* TimelineAnalysisTests.swift in Sources */ = {isa = PBXBuildFile; fileRef = A2000000000000000000004F /* TimelineAnalysisTests.swift */; };
		A1000000000000000000004B /* AnalysisQuery.swift in Sources */ = {isa = PBXBuildFile; fileRef = A20000000000000000000050 /* AnalysisQuery.swift */; };
		A1000000000000000000004C /* AnalysisViewModel.swift in Sources */ = {isa = PBXBuildFile; fileRef = A20000000000000000000051 /* AnalysisViewModel.swift */; };
		A1000000000000000000004D /* MCPBPackageService.swift in Sources */ = {isa = PBXBuildFile; fileRef = A20000000000000000000052 /* MCPBPackageService.swift */; };
		A1000000000000000000004E /* SettingsViewModel.swift in Sources */ = {isa = PBXBuildFile; fileRef = A20000000000000000000053 /* SettingsViewModel.swift */; };
		A1000000000000000000004F /* IntegrationSettingsModel.swift in Sources */ = {isa = PBXBuildFile; fileRef = A20000000000000000000054 /* IntegrationSettingsModel.swift */; };
		A10000000000000000000050 /* SettingsView.swift in Sources */ = {isa = PBXBuildFile; fileRef = A20000000000000000000055 /* SettingsView.swift */; };
		A10000000000000000000051 /* PrivacySettingsView.swift in Sources */ = {isa = PBXBuildFile; fileRef = A20000000000000000000056 /* PrivacySettingsView.swift */; };
		A10000000000000000000052 /* DisclosureGrantView.swift in Sources */ = {isa = PBXBuildFile; fileRef = A20000000000000000000057 /* DisclosureGrantView.swift */; };
		A10000000000000000000053 /* IntegrationSettingsView.swift in Sources */ = {isa = PBXBuildFile; fileRef = A20000000000000000000058 /* IntegrationSettingsView.swift */; };
		A10000000000000000000054 /* MCPBPackageTests.swift in Sources */ = {isa = PBXBuildFile; fileRef = A20000000000000000000059 /* MCPBPackageTests.swift */; };
		A10000000000000000000055 /* SettingsTests.swift in Sources */ = {isa = PBXBuildFile; fileRef = A2000000000000000000005A /* SettingsTests.swift */; };
/* End PBXBuildFile section */

/* Begin PBXCopyFilesBuildPhase section */
		A40000000000000000000008 /* Embed MCP Helper */ = {
			isa = PBXCopyFilesBuildPhase;
			buildActionMask = 2147483647;
			dstPath = Contents/Helpers;
			dstSubfolderSpec = 1;
			files = (
				A10000000000000000000039 /* chronicle-mcp in Embed MCP Helper */,
			);
			name = "Embed MCP Helper";
			runOnlyForDeploymentPostprocessing = 0;
		};
/* End PBXCopyFilesBuildPhase section */

/* Begin PBXContainerItemProxy section */
		A30000000000000000000001 /* PBXContainerItemProxy */ = {
			isa = PBXContainerItemProxy;
			containerPortal = A90000000000000000000001 /* Project object */;
			proxyType = 1;
			remoteGlobalIDString = A70000000000000000000001;
			remoteInfo = OpenChronicle;
		};
/* End PBXContainerItemProxy section */

/* Begin PBXFileReference section */
		A20000000000000000000001 /* OpenChronicleApp.swift */ = {isa = PBXFileReference; lastKnownFileType = sourcecode.swift; path = OpenChronicleApp.swift; sourceTree = "<group>"; };
		A20000000000000000000002 /* AppModel.swift */ = {isa = PBXFileReference; lastKnownFileType = sourcecode.swift; path = AppModel.swift; sourceTree = "<group>"; };
		A20000000000000000000003 /* NavigationModel.swift */ = {isa = PBXFileReference; lastKnownFileType = sourcecode.swift; path = NavigationModel.swift; sourceTree = "<group>"; };
		A20000000000000000000004 /* ChronicleCore.swift */ = {isa = PBXFileReference; lastKnownFileType = sourcecode.swift; path = ChronicleCore.swift; sourceTree = "<group>"; };
		A20000000000000000000005 /* ChronicleFFI.swift */ = {isa = PBXFileReference; lastKnownFileType = sourcecode.swift; path = ChronicleFFI.swift; sourceTree = "<group>"; };
		A20000000000000000000006 /* ChronicleTypes.swift */ = {isa = PBXFileReference; lastKnownFileType = sourcecode.swift; path = ChronicleTypes.swift; sourceTree = "<group>"; };
		A20000000000000000000007 /* Info.plist */ = {isa = PBXFileReference; lastKnownFileType = text.plist.xml; path = Info.plist; sourceTree = "<group>"; };
		A20000000000000000000008 /* OpenChronicle.entitlements */ = {isa = PBXFileReference; lastKnownFileType = text.plist.entitlements; path = OpenChronicle.entitlements; sourceTree = "<group>"; };
		A20000000000000000000009 /* PrivacyInfo.xcprivacy */ = {isa = PBXFileReference; lastKnownFileType = text.xml; path = PrivacyInfo.xcprivacy; sourceTree = "<group>"; };
		A2000000000000000000000A /* OpenChronicle-Bridging-Header.h */ = {isa = PBXFileReference; lastKnownFileType = sourcecode.c.h; path = "OpenChronicle-Bridging-Header.h"; sourceTree = "<group>"; };
		A2000000000000000000000B /* BridgeTests.swift */ = {isa = PBXFileReference; lastKnownFileType = sourcecode.swift; path = BridgeTests.swift; sourceTree = "<group>"; };
		A2000000000000000000000C /* FixtureParityTests.swift */ = {isa = PBXFileReference; lastKnownFileType = sourcecode.swift; path = FixtureParityTests.swift; sourceTree = "<group>"; };
		A2000000000000000000000D /* shared-response-v1.json */ = {isa = PBXFileReference; lastKnownFileType = text.json; path = "shared-response-v1.json"; sourceTree = "<group>"; };
		A2000000000000000000000E /* Open Chronicle.app */ = {isa = PBXFileReference; explicitFileType = wrapper.application; includeInIndex = 0; path = "Open Chronicle.app"; sourceTree = BUILT_PRODUCTS_DIR; };
		A2000000000000000000000F /* OpenChronicleTests.xctest */ = {isa = PBXFileReference; explicitFileType = wrapper.cfbundle; includeInIndex = 0; path = OpenChronicleTests.xctest; sourceTree = BUILT_PRODUCTS_DIR; };
		A20000000000000000000010 /* PrivacyPreflightTests.swift */ = {isa = PBXFileReference; lastKnownFileType = sourcecode.swift; path = PrivacyPreflightTests.swift; sourceTree = "<group>"; };
		A20000000000000000000011 /* ActiveWindowProvider.swift */ = {isa = PBXFileReference; lastKnownFileType = sourcecode.swift; path = ActiveWindowProvider.swift; sourceTree = "<group>"; };
		A20000000000000000000012 /* PrivacyPreflight.swift */ = {isa = PBXFileReference; lastKnownFileType = sourcecode.swift; path = PrivacyPreflight.swift; sourceTree = "<group>"; };
		A20000000000000000000013 /* ScreenCaptureService.swift */ = {isa = PBXFileReference; lastKnownFileType = sourcecode.swift; path = ScreenCaptureService.swift; sourceTree = "<group>"; };
		A20000000000000000000014 /* VisionOCRService.swift */ = {isa = PBXFileReference; lastKnownFileType = sourcecode.swift; path = VisionOCRService.swift; sourceTree = "<group>"; };
		A20000000000000000000015 /* ContentDeduplicator.swift */ = {isa = PBXFileReference; lastKnownFileType = sourcecode.swift; path = ContentDeduplicator.swift; sourceTree = "<group>"; };
		A20000000000000000000016 /* IdleStateSource.swift */ = {isa = PBXFileReference; lastKnownFileType = sourcecode.swift; path = IdleStateSource.swift; sourceTree = "<group>"; };
		A20000000000000000000017 /* CoreCaptureIngestor.swift */ = {isa = PBXFileReference; lastKnownFileType = sourcecode.swift; path = CoreCaptureIngestor.swift; sourceTree = "<group>"; };
		A20000000000000000000018 /* CaptureTestSupport.swift */ = {isa = PBXFileReference; lastKnownFileType = sourcecode.swift; path = CaptureTestSupport.swift; sourceTree = "<group>"; };
		A20000000000000000000019 /* ActiveWindowProviderTests.swift */ = {isa = PBXFileReference; lastKnownFileType = sourcecode.swift; path = ActiveWindowProviderTests.swift; sourceTree = "<group>"; };
		A2000000000000000000001A /* CaptureRaceTests.swift */ = {isa = PBXFileReference; lastKnownFileType = sourcecode.swift; path = CaptureRaceTests.swift; sourceTree = "<group>"; };
		A2000000000000000000001B /* DedupTests.swift */ = {isa = PBXFileReference; lastKnownFileType = sourcecode.swift; path = DedupTests.swift; sourceTree = "<group>"; };
		A2000000000000000000001C /* OCRTests.swift */ = {isa = PBXFileReference; lastKnownFileType = sourcecode.swift; path = OCRTests.swift; sourceTree = "<group>"; };
		A2000000000000000000001D /* IdleStateSourceTests.swift */ = {isa = PBXFileReference; lastKnownFileType = sourcecode.swift; path = IdleStateSourceTests.swift; sourceTree = "<group>"; };
		A2000000000000000000001E /* CaptureIngestorTests.swift */ = {isa = PBXFileReference; lastKnownFileType = sourcecode.swift; path = CaptureIngestorTests.swift; sourceTree = "<group>"; };
		A2000000000000000000001F /* CaptureCoordinator.swift */ = {isa = PBXFileReference; lastKnownFileType = sourcecode.swift; path = CaptureCoordinator.swift; sourceTree = "<group>"; };
		A20000000000000000000020 /* CoordinatorTests.swift */ = {isa = PBXFileReference; lastKnownFileType = sourcecode.swift; path = CoordinatorTests.swift; sourceTree = "<group>"; };
		A20000000000000000000021 /* AppCaptureRuntime.swift */ = {isa = PBXFileReference; lastKnownFileType = sourcecode.swift; path = AppCaptureRuntime.swift; sourceTree = "<group>"; };
		A20000000000000000000022 /* AppRuntimeFactory.swift */ = {isa = PBXFileReference; lastKnownFileType = sourcecode.swift; path = AppRuntimeFactory.swift; sourceTree = "<group>"; };
		A20000000000000000000023 /* LifecycleMonitor.swift */ = {isa = PBXFileReference; lastKnownFileType = sourcecode.swift; path = LifecycleMonitor.swift; sourceTree = "<group>"; };
		A20000000000000000000024 /* LaunchAtLoginService.swift */ = {isa = PBXFileReference; lastKnownFileType = sourcecode.swift; path = LaunchAtLoginService.swift; sourceTree = "<group>"; };
		A20000000000000000000025 /* AppRuntimeTests.swift */ = {isa = PBXFileReference; lastKnownFileType = sourcecode.swift; path = AppRuntimeTests.swift; sourceTree = "<group>"; };
		A20000000000000000000026 /* LaunchAtLoginTests.swift */ = {isa = PBXFileReference; lastKnownFileType = sourcecode.swift; path = LaunchAtLoginTests.swift; sourceTree = "<group>"; };
		A20000000000000000000027 /* DiagnosticHealth.swift */ = {isa = PBXFileReference; lastKnownFileType = sourcecode.swift; path = DiagnosticHealth.swift; sourceTree = "<group>"; };
		A20000000000000000000028 /* StorageMonitor.swift */ = {isa = PBXFileReference; lastKnownFileType = sourcecode.swift; path = StorageMonitor.swift; sourceTree = "<group>"; };
		A20000000000000000000029 /* HealthViewModel.swift */ = {isa = PBXFileReference; lastKnownFileType = sourcecode.swift; path = HealthViewModel.swift; sourceTree = "<group>"; };
		A2000000000000000000002A /* HealthView.swift */ = {isa = PBXFileReference; lastKnownFileType = sourcecode.swift; path = HealthView.swift; sourceTree = "<group>"; };
		A2000000000000000000002B /* HealthTests.swift */ = {isa = PBXFileReference; lastKnownFileType = sourcecode.swift; path = HealthTests.swift; sourceTree = "<group>"; };
		A2000000000000000000002C /* NotificationService.swift */ = {isa = PBXFileReference; lastKnownFileType = sourcecode.swift; path = NotificationService.swift; sourceTree = "<group>"; };
		A2000000000000000000002D /* NotificationTests.swift */ = {isa = PBXFileReference; lastKnownFileType = sourcecode.swift; path = NotificationTests.swift; sourceTree = "<group>"; };
		A2000000000000000000002E /* ScreenRecordingPermissionService.swift */ = {isa = PBXFileReference; lastKnownFileType = sourcecode.swift; path = ScreenRecordingPermissionService.swift; sourceTree = "<group>"; };
		A2000000000000000000002F /* OnboardingModel.swift */ = {isa = PBXFileReference; lastKnownFileType = sourcecode.swift; path = OnboardingModel.swift; sourceTree = "<group>"; };
		A20000000000000000000030 /* CaptureProofService.swift */ = {isa = PBXFileReference; lastKnownFileType = sourcecode.swift; path = CaptureProofService.swift; sourceTree = "<group>"; };
		A20000000000000000000031 /* WelcomeStep.swift */ = {isa = PBXFileReference; lastKnownFileType = sourcecode.swift; path = WelcomeStep.swift; sourceTree = "<group>"; };
		A20000000000000000000032 /* ModeStep.swift */ = {isa = PBXFileReference; lastKnownFileType = sourcecode.swift; path = ModeStep.swift; sourceTree = "<group>"; };
		A20000000000000000000033 /* PrivacyStep.swift */ = {isa = PBXFileReference; lastKnownFileType = sourcecode.swift; path = PrivacyStep.swift; sourceTree = "<group>"; };
		A20000000000000000000034 /* PermissionStep.swift */ = {isa = PBXFileReference; lastKnownFileType = sourcecode.swift; path = PermissionStep.swift; sourceTree = "<group>"; };
		A20000000000000000000035 /* OnboardingView.swift */ = {isa = PBXFileReference; lastKnownFileType = sourcecode.swift; path = OnboardingView.swift; sourceTree = "<group>"; };
		A20000000000000000000036 /* OnboardingConfigurationService.swift */ = {isa = PBXFileReference; lastKnownFileType = sourcecode.swift; path = OnboardingConfigurationService.swift; sourceTree = "<group>"; };
		A20000000000000000000037 /* OnboardingTests.swift */ = {isa = PBXFileReference; lastKnownFileType = sourcecode.swift; path = OnboardingTests.swift; sourceTree = "<group>"; };
		A20000000000000000000038 /* AgentDetectionService.swift */ = {isa = PBXFileReference; lastKnownFileType = sourcecode.swift; path = AgentDetectionService.swift; sourceTree = "<group>"; };
		A20000000000000000000039 /* InstallLocationService.swift */ = {isa = PBXFileReference; lastKnownFileType = sourcecode.swift; path = InstallLocationService.swift; sourceTree = "<group>"; };
		A2000000000000000000003A /* AgentRegistrationTests.swift */ = {isa = PBXFileReference; lastKnownFileType = sourcecode.swift; path = AgentRegistrationTests.swift; sourceTree = "<group>"; };
		A2000000000000000000003B /* AgentRegistrationService.swift */ = {isa = PBXFileReference; lastKnownFileType = sourcecode.swift; path = AgentRegistrationService.swift; sourceTree = "<group>"; };
		A2000000000000000000003C /* DisclosureGrantService.swift */ = {isa = PBXFileReference; lastKnownFileType = sourcecode.swift; path = DisclosureGrantService.swift; sourceTree = "<group>"; };
		A2000000000000000000003D /* AgentConnectionService.swift */ = {isa = PBXFileReference; lastKnownFileType = sourcecode.swift; path = AgentConnectionService.swift; sourceTree = "<group>"; };
		A2000000000000000000003E /* chronicle-mcp */ = {isa = PBXFileReference; explicitFileType = "compiled.mach-o.executable"; path = ../build/universal/chronicle-mcp; sourceTree = "<group>"; };
		A2000000000000000000003F /* AgentStep.swift */ = {isa = PBXFileReference; lastKnownFileType = sourcecode.swift; path = AgentStep.swift; sourceTree = "<group>"; };
		A20000000000000000000040 /* FactualReport.swift */ = {isa = PBXFileReference; lastKnownFileType = sourcecode.swift; path = FactualReport.swift; sourceTree = "<group>"; };
		A20000000000000000000041 /* HomeViewModel.swift */ = {isa = PBXFileReference; lastKnownFileType = sourcecode.swift; path = HomeViewModel.swift; sourceTree = "<group>"; };
		A20000000000000000000042 /* HomeView.swift */ = {isa = PBXFileReference; lastKnownFileType = sourcecode.swift; path = HomeView.swift; sourceTree = "<group>"; };
		A20000000000000000000043 /* HomeViewModelTests.swift */ = {isa = PBXFileReference; lastKnownFileType = sourcecode.swift; path = HomeViewModelTests.swift; sourceTree = "<group>"; };
		A20000000000000000000044 /* ReportParityTests.swift */ = {isa = PBXFileReference; lastKnownFileType = sourcecode.swift; path = ReportParityTests.swift; sourceTree = "<group>"; };
		A20000000000000000000045 /* ReportFlowTests.swift */ = {isa = PBXFileReference; lastKnownFileType = sourcecode.swift; path = ReportFlowTests.swift; sourceTree = "<group>"; };
		A20000000000000000000046 /* EvidenceQuery.swift */ = {isa = PBXFileReference; lastKnownFileType = sourcecode.swift; path = EvidenceQuery.swift; sourceTree = "<group>"; };
		A20000000000000000000047 /* TimelineViewModel.swift */ = {isa = PBXFileReference; lastKnownFileType = sourcecode.swift; path = TimelineViewModel.swift; sourceTree = "<group>"; };
		A20000000000000000000048 /* TimelineView.swift */ = {isa = PBXFileReference; lastKnownFileType = sourcecode.swift; path = TimelineView.swift; sourceTree = "<group>"; };
		A20000000000000000000049 /* TimelineBand.swift */ = {isa = PBXFileReference; lastKnownFileType = sourcecode.swift; path = TimelineBand.swift; sourceTree = "<group>"; };
		A2000000000000000000004A /* SearchView.swift */ = {isa = PBXFileReference; lastKnownFileType = sourcecode.swift; path = SearchView.swift; sourceTree = "<group>"; };
		A2000000000000000000004B /* ChunkDetailView.swift */ = {isa = PBXFileReference; lastKnownFileType = sourcecode.swift; path = ChunkDetailView.swift; sourceTree = "<group>"; };
		A2000000000000000000004C /* EventDetailView.swift */ = {isa = PBXFileReference; lastKnownFileType = sourcecode.swift; path = EventDetailView.swift; sourceTree = "<group>"; };
		A2000000000000000000004D /* EvidenceImageView.swift */ = {isa = PBXFileReference; lastKnownFileType = sourcecode.swift; path = EvidenceImageView.swift; sourceTree = "<group>"; };
		A2000000000000000000004E /* AnalysisView.swift */ = {isa = PBXFileReference; lastKnownFileType = sourcecode.swift; path = AnalysisView.swift; sourceTree = "<group>"; };
		A2000000000000000000004F /* TimelineAnalysisTests.swift */ = {isa = PBXFileReference; lastKnownFileType = sourcecode.swift; path = TimelineAnalysisTests.swift; sourceTree = "<group>"; };
		A20000000000000000000050 /* AnalysisQuery.swift */ = {isa = PBXFileReference; lastKnownFileType = sourcecode.swift; path = AnalysisQuery.swift; sourceTree = "<group>"; };
		A20000000000000000000051 /* AnalysisViewModel.swift */ = {isa = PBXFileReference; lastKnownFileType = sourcecode.swift; path = AnalysisViewModel.swift; sourceTree = "<group>"; };
		A20000000000000000000052 /* MCPBPackageService.swift */ = {isa = PBXFileReference; lastKnownFileType = sourcecode.swift; path = MCPBPackageService.swift; sourceTree = "<group>"; };
		A20000000000000000000053 /* SettingsViewModel.swift */ = {isa = PBXFileReference; lastKnownFileType = sourcecode.swift; path = SettingsViewModel.swift; sourceTree = "<group>"; };
		A20000000000000000000054 /* IntegrationSettingsModel.swift */ = {isa = PBXFileReference; lastKnownFileType = sourcecode.swift; path = IntegrationSettingsModel.swift; sourceTree = "<group>"; };
		A20000000000000000000055 /* SettingsView.swift */ = {isa = PBXFileReference; lastKnownFileType = sourcecode.swift; path = SettingsView.swift; sourceTree = "<group>"; };
		A20000000000000000000056 /* PrivacySettingsView.swift */ = {isa = PBXFileReference; lastKnownFileType = sourcecode.swift; path = PrivacySettingsView.swift; sourceTree = "<group>"; };
		A20000000000000000000057 /* DisclosureGrantView.swift */ = {isa = PBXFileReference; lastKnownFileType = sourcecode.swift; path = DisclosureGrantView.swift; sourceTree = "<group>"; };
		A20000000000000000000058 /* IntegrationSettingsView.swift */ = {isa = PBXFileReference; lastKnownFileType = sourcecode.swift; path = IntegrationSettingsView.swift; sourceTree = "<group>"; };
		A20000000000000000000059 /* MCPBPackageTests.swift */ = {isa = PBXFileReference; lastKnownFileType = sourcecode.swift; path = MCPBPackageTests.swift; sourceTree = "<group>"; };
		A2000000000000000000005A /* SettingsTests.swift */ = {isa = PBXFileReference; lastKnownFileType = sourcecode.swift; path = SettingsTests.swift; sourceTree = "<group>"; };
/* End PBXFileReference section */

/* Begin PBXFrameworksBuildPhase section */
		A40000000000000000000002 /* Frameworks */ = {isa = PBXFrameworksBuildPhase; buildActionMask = 2147483647; files = (); runOnlyForDeploymentPostprocessing = 0; };
		A40000000000000000000006 /* Frameworks */ = {isa = PBXFrameworksBuildPhase; buildActionMask = 2147483647; files = (); runOnlyForDeploymentPostprocessing = 0; };
/* End PBXFrameworksBuildPhase section */

/* Begin PBXGroup section */
		A50000000000000000000001 = {
			isa = PBXGroup;
			children = (
				A50000000000000000000002 /* OpenChronicle */,
				A50000000000000000000006 /* OpenChronicleTests */,
				A2000000000000000000003E /* chronicle-mcp */,
				A50000000000000000000008 /* Products */,
			);
			sourceTree = "<group>";
		};
		A50000000000000000000002 /* OpenChronicle */ = {
			isa = PBXGroup;
			children = (
				A50000000000000000000003 /* App */,
				A50000000000000000000004 /* Engine */,
				A50000000000000000000009 /* Capture */,
				A5000000000000000000000A /* Services */,
				A5000000000000000000000B /* Features */,
				A5000000000000000000000D /* Onboarding */,
				A50000000000000000000005 /* Resources */,
				A2000000000000000000000A /* OpenChronicle-Bridging-Header.h */,
			);
			path = OpenChronicle;
			sourceTree = "<group>";
		};
		A50000000000000000000003 /* App */ = {isa = PBXGroup; children = (A20000000000000000000001, A20000000000000000000002, A20000000000000000000003, A20000000000000000000021, A20000000000000000000022); path = App; sourceTree = "<group>"; };
		A50000000000000000000004 /* Engine */ = {isa = PBXGroup; children = (A20000000000000000000004, A20000000000000000000005, A20000000000000000000006, A20000000000000000000027, A20000000000000000000040, A20000000000000000000046, A20000000000000000000050); path = Engine; sourceTree = "<group>"; };
		A50000000000000000000009 /* Capture */ = {isa = PBXGroup; children = (A20000000000000000000011, A20000000000000000000012, A20000000000000000000013, A20000000000000000000014, A20000000000000000000015, A20000000000000000000016, A20000000000000000000017, A2000000000000000000001F); path = Capture; sourceTree = "<group>"; };
		A5000000000000000000000A /* Services */ = {isa = PBXGroup; children = (A20000000000000000000023, A20000000000000000000024, A20000000000000000000028, A2000000000000000000002C, A2000000000000000000002E, A20000000000000000000038, A20000000000000000000039, A2000000000000000000003B, A2000000000000000000003C, A2000000000000000000003D, A20000000000000000000052); path = Services; sourceTree = "<group>"; };
		A5000000000000000000000B /* Features */ = {isa = PBXGroup; children = (A5000000000000000000000C /* Health */, A5000000000000000000000E /* Home */, A5000000000000000000000F /* Timeline */, A50000000000000000000010 /* Analysis */, A50000000000000000000011 /* Settings */); path = Features; sourceTree = "<group>"; };
		A5000000000000000000000C /* Health */ = {isa = PBXGroup; children = (A20000000000000000000029, A2000000000000000000002A); path = Health; sourceTree = "<group>"; };
		A5000000000000000000000E /* Home */ = {isa = PBXGroup; children = (A20000000000000000000041, A20000000000000000000042); path = Home; sourceTree = "<group>"; };
		A5000000000000000000000F /* Timeline */ = {isa = PBXGroup; children = (A20000000000000000000047, A20000000000000000000048, A20000000000000000000049, A2000000000000000000004A, A2000000000000000000004B, A2000000000000000000004C, A2000000000000000000004D); path = Timeline; sourceTree = "<group>"; };
		A50000000000000000000010 /* Analysis */ = {isa = PBXGroup; children = (A2000000000000000000004E, A20000000000000000000051); path = Analysis; sourceTree = "<group>"; };
		A50000000000000000000011 /* Settings */ = {isa = PBXGroup; children = (A20000000000000000000053, A20000000000000000000054, A20000000000000000000055, A20000000000000000000056, A20000000000000000000057, A20000000000000000000058); path = Settings; sourceTree = "<group>"; };
		A5000000000000000000000D /* Onboarding */ = {isa = PBXGroup; children = (A2000000000000000000002F, A20000000000000000000030, A20000000000000000000031, A20000000000000000000032, A20000000000000000000033, A20000000000000000000034, A20000000000000000000035, A20000000000000000000036, A2000000000000000000003F); path = Onboarding; sourceTree = "<group>"; };
		A50000000000000000000005 /* Resources */ = {isa = PBXGroup; children = (A20000000000000000000007, A20000000000000000000008, A20000000000000000000009); path = Resources; sourceTree = "<group>"; };
		A50000000000000000000006 /* OpenChronicleTests */ = {
			isa = PBXGroup;
			children = (
				A2000000000000000000000B /* BridgeTests.swift */,
				A2000000000000000000000C /* FixtureParityTests.swift */,
				A20000000000000000000010 /* PrivacyPreflightTests.swift */,
				A20000000000000000000018 /* CaptureTestSupport.swift */,
				A20000000000000000000019 /* ActiveWindowProviderTests.swift */,
				A2000000000000000000001A /* CaptureRaceTests.swift */,
				A2000000000000000000001B /* DedupTests.swift */,
				A2000000000000000000001C /* OCRTests.swift */,
				A2000000000000000000001D /* IdleStateSourceTests.swift */,
				A2000000000000000000001E /* CaptureIngestorTests.swift */,
				A20000000000000000000020 /* CoordinatorTests.swift */,
				A20000000000000000000025 /* AppRuntimeTests.swift */,
				A20000000000000000000026 /* LaunchAtLoginTests.swift */,
				A2000000000000000000002B /* HealthTests.swift */,
				A2000000000000000000002D /* NotificationTests.swift */,
				A20000000000000000000037 /* OnboardingTests.swift */,
				A2000000000000000000003A /* AgentRegistrationTests.swift */,
				A20000000000000000000043 /* HomeViewModelTests.swift */,
				A20000000000000000000044 /* ReportParityTests.swift */,
				A20000000000000000000045 /* ReportFlowTests.swift */,
				A2000000000000000000004F /* TimelineAnalysisTests.swift */,
				A20000000000000000000059 /* MCPBPackageTests.swift */,
				A2000000000000000000005A /* SettingsTests.swift */,
				A50000000000000000000007 /* Fixtures */,
			);
			path = OpenChronicleTests;
			sourceTree = "<group>";
		};
		A50000000000000000000007 /* Fixtures */ = {isa = PBXGroup; children = (A2000000000000000000000D); path = Fixtures; sourceTree = "<group>"; };
		A50000000000000000000008 /* Products */ = {isa = PBXGroup; children = (A2000000000000000000000E, A2000000000000000000000F); name = Products; sourceTree = "<group>"; };
/* End PBXGroup section */

/* Begin PBXNativeTarget section */
		A70000000000000000000001 /* OpenChronicle */ = {
			isa = PBXNativeTarget;
			buildConfigurationList = A80000000000000000000002 /* Build configuration list for PBXNativeTarget "OpenChronicle" */;
			buildPhases = (
				A40000000000000000000001 /* Build Rust Core */,
				A40000000000000000000003 /* Sources */,
				A40000000000000000000002 /* Frameworks */,
				A40000000000000000000004 /* Resources */,
				A40000000000000000000008 /* Embed MCP Helper */,
			);
			buildRules = ();
			dependencies = ();
			name = OpenChronicle;
			productName = OpenChronicle;
			productReference = A2000000000000000000000E /* Open Chronicle.app */;
			productType = "com.apple.product-type.application";
		};
		A70000000000000000000002 /* OpenChronicleTests */ = {
			isa = PBXNativeTarget;
			buildConfigurationList = A80000000000000000000003 /* Build configuration list for PBXNativeTarget "OpenChronicleTests" */;
			buildPhases = (A40000000000000000000005 /* Sources */, A40000000000000000000006 /* Frameworks */, A40000000000000000000007 /* Resources */);
			buildRules = ();
			dependencies = (A30000000000000000000002 /* PBXTargetDependency */);
			name = OpenChronicleTests;
			productName = OpenChronicleTests;
			productReference = A2000000000000000000000F /* OpenChronicleTests.xctest */;
			productType = "com.apple.product-type.bundle.unit-test";
		};
/* End PBXNativeTarget section */

/* Begin PBXProject section */
		A90000000000000000000001 /* Project object */ = {
			isa = PBXProject;
			attributes = {
				BuildIndependentTargetsInParallel = 1;
				LastSwiftUpdateCheck = 1500;
				LastUpgradeCheck = 1500;
				TargetAttributes = {
					A70000000000000000000001 = {CreatedOnToolsVersion = 15.0; };
					A70000000000000000000002 = {CreatedOnToolsVersion = 15.0; TestTargetID = A70000000000000000000001; };
				};
			};
			buildConfigurationList = A80000000000000000000001 /* Build configuration list for PBXProject "OpenChronicle" */;
			compatibilityVersion = "Xcode 14.0";
			developmentRegion = en;
			hasScannedForEncodings = 0;
			knownRegions = (en, Base);
			mainGroup = A50000000000000000000001;
			productRefGroup = A50000000000000000000008 /* Products */;
			projectDirPath = "";
			projectRoot = "";
			targets = (A70000000000000000000001 /* OpenChronicle */, A70000000000000000000002 /* OpenChronicleTests */);
		};
/* End PBXProject section */

/* Begin PBXResourcesBuildPhase section */
		A40000000000000000000004 /* Resources */ = {isa = PBXResourcesBuildPhase; buildActionMask = 2147483647; files = (A10000000000000000000007 /* PrivacyInfo.xcprivacy in Resources */); runOnlyForDeploymentPostprocessing = 0; };
		A40000000000000000000007 /* Resources */ = {isa = PBXResourcesBuildPhase; buildActionMask = 2147483647; files = (A1000000000000000000000A /* shared-response-v1.json in Resources */); runOnlyForDeploymentPostprocessing = 0; };
/* End PBXResourcesBuildPhase section */

/* Begin PBXShellScriptBuildPhase section */
		A40000000000000000000001 /* Build Rust Core */ = {
			isa = PBXShellScriptBuildPhase;
			alwaysOutOfDate = 1;
			buildActionMask = 2147483647;
			files = ();
			inputFileListPaths = ();
			inputPaths = ();
			name = "Build Rust Core";
			outputFileListPaths = ();
			outputPaths = ("$(SRCROOT)/../build/universal/libchronicle_ffi.a", "$(SRCROOT)/../build/universal/chronicle-mcp");
			runOnlyForDeploymentPostprocessing = 0;
			shellPath = /bin/sh;
			shellScript = "\"$SRCROOT/../scripts/build-rust-universal.sh\"\n";
		};
/* End PBXShellScriptBuildPhase section */

/* Begin PBXSourcesBuildPhase section */
		A40000000000000000000003 /* Sources */ = {isa = PBXSourcesBuildPhase; buildActionMask = 2147483647; files = (A10000000000000000000001, A10000000000000000000002, A10000000000000000000003, A10000000000000000000004, A10000000000000000000005, A10000000000000000000006, A1000000000000000000000C, A1000000000000000000000D, A1000000000000000000000E, A1000000000000000000000F, A10000000000000000000010, A10000000000000000000011, A10000000000000000000012, A1000000000000000000001A, A1000000000000000000001C, A1000000000000000000001D, A1000000000000000000001E, A1000000000000000000001F, A10000000000000000000022, A10000000000000000000023, A10000000000000000000024, A10000000000000000000025, A10000000000000000000027, A10000000000000000000029, A1000000000000000000002A, A1000000000000000000002B, A1000000000000000000002C, A1000000000000000000002D, A1000000000000000000002E, A1000000000000000000002F, A10000000000000000000030, A10000000000000000000031, A10000000000000000000033, A10000000000000000000034, A10000000000000000000036, A10000000000000000000037, A10000000000000000000038, A1000000000000000000003A, A1000000000000000000003B, A1000000000000000000003C, A1000000000000000000003D, A10000000000000000000041, A10000000000000000000042, A10000000000000000000043, A10000000000000000000044, A10000000000000000000045, A10000000000000000000046, A10000000000000000000047, A10000000000000000000048, A10000000000000000000049, A1000000000000000000004B, A1000000000000000000004C, A1000000000000000000004D, A1000000000000000000004E, A1000000000000000000004F, A10000000000000000000050, A10000000000000000000051, A10000000000000000000052, A10000000000000000000053); runOnlyForDeploymentPostprocessing = 0; };
		A40000000000000000000005 /* Sources */ = {isa = PBXSourcesBuildPhase; buildActionMask = 2147483647; files = (A10000000000000000000008, A10000000000000000000009, A1000000000000000000000B, A10000000000000000000013, A10000000000000000000014, A10000000000000000000015, A10000000000000000000016, A10000000000000000000017, A10000000000000000000018, A10000000000000000000019, A1000000000000000000001B, A10000000000000000000020, A10000000000000000000021, A10000000000000000000026, A10000000000000000000028, A10000000000000000000032, A10000000000000000000035, A1000000000000000000003E, A1000000000000000000003F, A10000000000000000000040, A1000000000000000000004A, A10000000000000000000054, A10000000000000000000055); runOnlyForDeploymentPostprocessing = 0; };
/* End PBXSourcesBuildPhase section */

/* Begin PBXTargetDependency section */
		A30000000000000000000002 /* PBXTargetDependency */ = {isa = PBXTargetDependency; target = A70000000000000000000001 /* OpenChronicle */; targetProxy = A30000000000000000000001 /* PBXContainerItemProxy */; };
/* End PBXTargetDependency section */

/* Begin XCBuildConfiguration section */
		B10000000000000000000001 /* Debug */ = {isa = XCBuildConfiguration; buildSettings = {ALWAYS_SEARCH_USER_PATHS = NO; CLANG_CXX_LANGUAGE_STANDARD = "gnu++20"; CLANG_ENABLE_MODULES = YES; CLANG_ENABLE_OBJC_ARC = YES; COPY_PHASE_STRIP = NO; DEBUG_INFORMATION_FORMAT = dwarf; ENABLE_TESTABILITY = YES; GCC_C_LANGUAGE_STANDARD = gnu17; MACOSX_DEPLOYMENT_TARGET = 14.0; ONLY_ACTIVE_ARCH = YES; SDKROOT = macosx; SWIFT_ACTIVE_COMPILATION_CONDITIONS = DEBUG; SWIFT_OPTIMIZATION_LEVEL = "-Onone"; }; name = Debug; };
		B10000000000000000000002 /* Release */ = {isa = XCBuildConfiguration; buildSettings = {ALWAYS_SEARCH_USER_PATHS = NO; CLANG_CXX_LANGUAGE_STANDARD = "gnu++20"; CLANG_ENABLE_MODULES = YES; CLANG_ENABLE_OBJC_ARC = YES; COPY_PHASE_STRIP = NO; DEBUG_INFORMATION_FORMAT = "dwarf-with-dsym"; ENABLE_NS_ASSERTIONS = NO; GCC_C_LANGUAGE_STANDARD = gnu17; MACOSX_DEPLOYMENT_TARGET = 14.0; SDKROOT = macosx; SWIFT_COMPILATION_MODE = wholemodule; SWIFT_OPTIMIZATION_LEVEL = "-O"; }; name = Release; };
		B10000000000000000000003 /* Debug */ = {isa = XCBuildConfiguration; buildSettings = {CODE_SIGN_ENTITLEMENTS = OpenChronicle/Resources/OpenChronicle.entitlements; CODE_SIGN_STYLE = Automatic; CURRENT_PROJECT_VERSION = 1; ENABLE_HARDENED_RUNTIME = YES; GENERATE_INFOPLIST_FILE = NO; HEADER_SEARCH_PATHS = "$(SRCROOT)/../include"; INFOPLIST_FILE = OpenChronicle/Resources/Info.plist; LD_RUNPATH_SEARCH_PATHS = "$(inherited) @executable_path/../Frameworks"; LIBRARY_SEARCH_PATHS = "$(SRCROOT)/../build/universal"; MARKETING_VERSION = 0.1.0; OTHER_LDFLAGS = ("$(inherited)", "-lchronicle_ffi", "-framework", Security, "-framework", SystemConfiguration, "-liconv", "-lz"); PRODUCT_BUNDLE_IDENTIFIER = com.screenata.openchronicle; PRODUCT_MODULE_NAME = OpenChronicle; PRODUCT_NAME = "Open Chronicle"; SWIFT_OBJC_BRIDGING_HEADER = OpenChronicle/OpenChronicle-Bridging-Header.h; SWIFT_VERSION = 5.0; }; name = Debug; };
		B10000000000000000000004 /* Release */ = {isa = XCBuildConfiguration; buildSettings = {CODE_SIGN_ENTITLEMENTS = OpenChronicle/Resources/OpenChronicle.entitlements; CODE_SIGN_STYLE = Automatic; CURRENT_PROJECT_VERSION = 1; DEAD_CODE_STRIPPING = YES; ENABLE_HARDENED_RUNTIME = YES; GENERATE_INFOPLIST_FILE = NO; HEADER_SEARCH_PATHS = "$(SRCROOT)/../include"; INFOPLIST_FILE = OpenChronicle/Resources/Info.plist; LD_RUNPATH_SEARCH_PATHS = "$(inherited) @executable_path/../Frameworks"; LIBRARY_SEARCH_PATHS = "$(SRCROOT)/../build/universal"; MARKETING_VERSION = 0.1.0; OTHER_LDFLAGS = ("$(inherited)", "-lchronicle_ffi", "-framework", Security, "-framework", SystemConfiguration, "-liconv", "-lz"); PRODUCT_BUNDLE_IDENTIFIER = com.screenata.openchronicle; PRODUCT_MODULE_NAME = OpenChronicle; PRODUCT_NAME = "Open Chronicle"; SWIFT_OBJC_BRIDGING_HEADER = OpenChronicle/OpenChronicle-Bridging-Header.h; SWIFT_VERSION = 5.0; }; name = Release; };
		B10000000000000000000005 /* Debug */ = {isa = XCBuildConfiguration; buildSettings = {BUNDLE_LOADER = "$(TEST_HOST)"; CODE_SIGN_STYLE = Automatic; GENERATE_INFOPLIST_FILE = YES; MACOSX_DEPLOYMENT_TARGET = 14.0; PRODUCT_BUNDLE_IDENTIFIER = com.screenata.openchronicle.tests; PRODUCT_NAME = "$(TARGET_NAME)"; SWIFT_VERSION = 5.0; TEST_HOST = "$(BUILT_PRODUCTS_DIR)/Open Chronicle.app/Contents/MacOS/Open Chronicle"; }; name = Debug; };
		B10000000000000000000006 /* Release */ = {isa = XCBuildConfiguration; buildSettings = {BUNDLE_LOADER = "$(TEST_HOST)"; CODE_SIGN_STYLE = Automatic; GENERATE_INFOPLIST_FILE = YES; MACOSX_DEPLOYMENT_TARGET = 14.0; PRODUCT_BUNDLE_IDENTIFIER = com.screenata.openchronicle.tests; PRODUCT_NAME = "$(TARGET_NAME)"; SWIFT_VERSION = 5.0; TEST_HOST = "$(BUILT_PRODUCTS_DIR)/Open Chronicle.app/Contents/MacOS/Open Chronicle"; }; name = Release; };
/* End XCBuildConfiguration section */

/* Begin XCConfigurationList section */
		A80000000000000000000001 /* Build configuration list for PBXProject "OpenChronicle" */ = {isa = XCConfigurationList; buildConfigurations = (B10000000000000000000001 /* Debug */, B10000000000000000000002 /* Release */); defaultConfigurationIsVisible = 0; defaultConfigurationName = Release; };
		A80000000000000000000002 /* Build configuration list for PBXNativeTarget "OpenChronicle" */ = {isa = XCConfigurationList; buildConfigurations = (B10000000000000000000003 /* Debug */, B10000000000000000000004 /* Release */); defaultConfigurationIsVisible = 0; defaultConfigurationName = Release; };
		A80000000000000000000003 /* Build configuration list for PBXNativeTarget "OpenChronicleTests" */ = {isa = XCConfigurationList; buildConfigurations = (B10000000000000000000005 /* Debug */, B10000000000000000000006 /* Release */); defaultConfigurationIsVisible = 0; defaultConfigurationName = Release; };
/* End XCConfigurationList section */
	};
	rootObject = A90000000000000000000001 /* Project object */;
}
